
Microsoft Visual Studio Solution File, Format Version 12.00
# Visual Studio Version 17
VisualStudioVersion = 17.1.32328.378
MinimumVisualStudioVersion = 10.0.40219.1
Project("{FAE04EC0-301F-11D3-BF4B-00C04F79EFBC}") = "WindowsServer-Installer", "WindowsServer-Installer.csproj", "{259D0CF1-443B-4B31-ABDE-BCEDBEF0486E}"
EndProject
Global
	GlobalSection(SolutionConfigurationPlatforms) = preSolution
		Debug|Any CPU = Debug|Any CPU
		Release|Any CPU = Release|Any CPU
	EndGlobalSection
	GlobalSection(ProjectConfigurationPlatforms) = postSolution
		{259D0CF1-443B-4B31-ABDE-BCEDBEF0486E}.Debug|Any CPU.ActiveCfg = Debug|Any CPU
		{259D0CF1-443B-4B31-ABDE-BCEDBEF0486E}.Debug|Any CPU.Build.0 = Debug|Any CPU
		{259D0CF1-443B-4B31-ABDE-BCEDBEF0486E}.Release|Any CPU.ActiveCfg = Release|Any CPU
		{259D0CF1-443B-4B31-ABDE-BCEDBEF0486E}.Release|Any CPU.Build.0 = Release|Any CPU
	EndGlobalSection
	GlobalSection(SolutionProperties) = preSolution
		HideSolutionNode = FALSE
	EndGlobalSection
	GlobalSection(ExtensibilityGlobals) = postSolution
		SolutionGuid = {3FD268D2-55BA-4C2C-B2AD-F17F9EEEA7DE}
	EndGlobalSection
EndGlobal
